
Microsoft Visual Studio Solution File, Format Version 12.00
# Visual Studio 15
VisualStudioVersion = 15.0.28010.2016
MinimumVisualStudioVersion = 10.0.40219.1
Project("{FAE04EC0-301F-11D3-BF4B-00C04F79EFBC}") = "VSMC", "VSMC\VSMC.csproj", "{D5E80A6A-955B-43DA-9135-BACE5B470B41}"
EndProject
Global
	GlobalSection(SolutionConfigurationPlatforms) = preSolution
		Debug|Any CPU = Debug|Any CPU
		Release|Any CPU = Release|Any CPU
	EndGlobalSection
	GlobalSection(ProjectConfigurationPlatforms) = postSolution
		{D5E80A6A-955B-43DA-9135-BACE5B470B41}.Debug|Any CPU.ActiveCfg = Debug|Any CPU
		{D5E80A6A-955B-43DA-9135-BACE5B470B41}.Debug|Any CPU.Build.0 = Debug|Any CPU
		{D5E80A6A-955B-43DA-9135-BACE5B470B41}.Release|Any CPU.ActiveCfg = Release|Any CPU
		{D5E80A6A-955B-43DA-9135-BACE5B470B41}.Release|Any CPU.Build.0 = Release|Any CPU
	EndGlobalSection
	GlobalSection(SolutionProperties) = preSolution
		HideSolutionNode = FALSE
	EndGlobalSection
	GlobalSection(ExtensibilityGlobals) = postSolution
		SolutionGuid = {5736B8AF-5474-49C8-B721-7D871F40EF09}
	EndGlobalSection
EndGlobal
